
Microsoft Visual Studio Solution File, Format Version 12.00
# Visual Studio Version 16
VisualStudioVersion = 16.0.30804.86
MinimumVisualStudioVersion = 10.0.40219.1
Project("{FAE04EC0-301F-11D3-BF4B-00C04F79EFBC}") = "ConsoleApp1", "ConsoleApp1\ConsoleApp1.csproj", "{7F06EE0F-202A-4154-8C73-2B2F9534857B}"
EndProject
Project("{FAE04EC0-301F-11D3-BF4B-00C04F79EFBC}") = "ClassLibrary1", "ClassLibrary1\ClassLibrary1.csproj", "{21F5C62D-E5AB-496E-A573-2ACC3D77335A}"
EndProject
Project("{FAE04EC0-301F-11D3-BF4B-00C04F79EFBC}") = "UnitTestProject1", "UnitTestProject1\UnitTestProject1.csproj", "{AAF5103B-00FD-403B-9D87-F9177FFC25B5}"
EndProject
Global
	GlobalSection(SolutionConfigurationPlatforms) = preSolution
		Debug|Any CPU = Debug|Any CPU
		Release|Any CPU = Release|Any CPU
	EndGlobalSection
	GlobalSection(ProjectConfigurationPlatforms) = postSolution
		{7F06EE0F-202A-4154-8C73-2B2F9534857B}.Debug|Any CPU.ActiveCfg = Debug|Any CPU
		{7F06EE0F-202A-4154-8C73-2B2F9534857B}.Debug|Any CPU.Build.0 = Debug|Any CPU
		{7F06EE0F-202A-4154-8C73-2B2F9534857B}.Release|Any CPU.ActiveCfg = Release|Any CPU
		{7F06EE0F-202A-4154-8C73-2B2F9534857B}.Release|Any CPU.Build.0 = Release|Any CPU
		{21F5C62D-E5AB-496E-A573-2ACC3D77335A}.Debug|Any CPU.ActiveCfg = Debug|Any CPU
		{21F5C62D-E5AB-496E-A573-2ACC3D77335A}.Debug|Any CPU.Build.0 = Debug|Any CPU
		{21F5C62D-E5AB-496E-A573-2ACC3D77335A}.Release|Any CPU.ActiveCfg = Release|Any CPU
		{21F5C62D-E5AB-496E-A573-2ACC3D77335A}.Release|Any CPU.Build.0 = Release|Any CPU
		{AAF5103B-00FD-403B-9D87-F9177FFC25B5}.Debug|Any CPU.ActiveCfg = Debug|Any CPU
		{AAF5103B-00FD-403B-9D87-F9177FFC25B5}.Debug|Any CPU.Build.0 = Debug|Any CPU
		{AAF5103B-00FD-403B-9D87-F9177FFC25B5}.Release|Any CPU.ActiveCfg = Release|Any CPU
		{AAF5103B-00FD-403B-9D87-F9177FFC25B5}.Release|Any CPU.Build.0 = Release|Any CPU
	EndGlobalSection
	GlobalSection(SolutionProperties) = preSolution
		HideSolutionNode = FALSE
	EndGlobalSection
	GlobalSection(ExtensibilityGlobals) = postSolution
		SolutionGuid = {B3BB6C01-11AD-4C4B-A70F-A77C07284FBA}
	EndGlobalSection
EndGlobal
